
Microsoft Visual Studio Solution File, Format Version 12.00
Project("{FAE04EC0-301F-11D3-BF4B-00C04F79EFBC}") = "BlockchainBlockParser", "BlockchainBlockParser\BlockchainBlockParser.csproj", "{8794CC3F-01FE-490D-88F6-C461B4DD30CA}"
EndProject
Project("{FAE04EC0-301F-11D3-BF4B-00C04F79EFBC}") = "Example", "Example\Example.csproj", "{65B1D65D-3F84-414F-8963-498387D8FE22}"
EndProject
Global
	GlobalSection(SolutionConfigurationPlatforms) = preSolution
		Debug|Any CPU = Debug|Any CPU
		Release|Any CPU = Release|Any CPU
	EndGlobalSection
	GlobalSection(ProjectConfigurationPlatforms) = postSolution
		{8794CC3F-01FE-490D-88F6-C461B4DD30CA}.Debug|Any CPU.ActiveCfg = Debug|Any CPU
		{8794CC3F-01FE-490D-88F6-C461B4DD30CA}.Debug|Any CPU.Build.0 = Debug|Any CPU
		{8794CC3F-01FE-490D-88F6-C461B4DD30CA}.Release|Any CPU.ActiveCfg = Release|Any CPU
		{8794CC3F-01FE-490D-88F6-C461B4DD30CA}.Release|Any CPU.Build.0 = Release|Any CPU
		{65B1D65D-3F84-414F-8963-498387D8FE22}.Debug|Any CPU.ActiveCfg = Debug|Any CPU
		{65B1D65D-3F84-414F-8963-498387D8FE22}.Debug|Any CPU.Build.0 = Debug|Any CPU
		{65B1D65D-3F84-414F-8963-498387D8FE22}.Release|Any CPU.ActiveCfg = Release|Any CPU
		{65B1D65D-3F84-414F-8963-498387D8FE22}.Release|Any CPU.Build.0 = Release|Any CPU
	EndGlobalSection
EndGlobal
